
Microsoft Visual Studio Solution File, Format Version 12.00
# Visual Studio 15
VisualStudioVersion = 15.0.27428.2015
MinimumVisualStudioVersion = 10.0.40219.1
Project("{9A19103F-16F7-4668-BE54-9A1E7A4F7556}") = "APPLICATION2", "APPLICATION2.csproj", "{8A7BE8BA-DEA5-44F3-89B1-6733D11DE60E}"
EndProject
Project("{FAE04EC0-301F-11D3-BF4B-00C04F79EFBC}") = "UnitTestProject1", "..\UnitTestProject1\UnitTestProject1.csproj", "{C51CBC78-AA4A-4294-9C09-CC75FF66EFBC}"
EndProject
Global
	GlobalSection(SolutionConfigurationPlatforms) = preSolution
		Debug|Any CPU = Debug|Any CPU
		Release|Any CPU = Release|Any CPU
	EndGlobalSection
	GlobalSection(ProjectConfigurationPlatforms) = postSolution
		{8A7BE8BA-DEA5-44F3-89B1-6733D11DE60E}.Debug|Any CPU.ActiveCfg = Debug|Any CPU
		{8A7BE8BA-DEA5-44F3-89B1-6733D11DE60E}.Debug|Any CPU.Build.0 = Debug|Any CPU
		{8A7BE8BA-DEA5-44F3-89B1-6733D11DE60E}.Release|Any CPU.ActiveCfg = Release|Any CPU
		{8A7BE8BA-DEA5-44F3-89B1-6733D11DE60E}.Release|Any CPU.Build.0 = Release|Any CPU
		{C51CBC78-AA4A-4294-9C09-CC75FF66EFBC}.Debug|Any CPU.ActiveCfg = Debug|Any CPU
		{C51CBC78-AA4A-4294-9C09-CC75FF66EFBC}.Debug|Any CPU.Build.0 = Debug|Any CPU
		{C51CBC78-AA4A-4294-9C09-CC75FF66EFBC}.Release|Any CPU.ActiveCfg = Release|Any CPU
		{C51CBC78-AA4A-4294-9C09-CC75FF66EFBC}.Release|Any CPU.Build.0 = Release|Any CPU
	EndGlobalSection
	GlobalSection(SolutionProperties) = preSolution
		HideSolutionNode = FALSE
	EndGlobalSection
	GlobalSection(ExtensibilityGlobals) = postSolution
		SolutionGuid = {DAB7E55E-03FC-456C-ABE4-D9220777F212}
	EndGlobalSection
EndGlobal
